
Microsoft Visual Studio Solution File, Format Version 12.00
# Visual Studio Version 16
VisualStudioVersion = 16.0.30907.101
MinimumVisualStudioVersion = 10.0.40219.1
Project("{8BC9CEB8-8B4A-11D0-8D11-00A0C91BC942}") = "WS1 (DIY)", "..\DIY\WS1 (DIY).vcxproj", "{5436FDA6-6B70-4597-9301-80522EB5DE65}"
EndProject
Project("{8BC9CEB8-8B4A-11D0-8D11-00A0C91BC942}") = "WS1 (Lab)", "WS1 (Lab).vcxproj", "{426A826A-D6DE-4B59-BC6D-D6113F5D96ED}"
EndProject
Project("{8BC9CEB8-8B4A-11D0-8D11-00A0C91BC942}") = "WS2 (Lab)", "..\..\WS2\Lab\WS2 (Lab).vcxproj", "{11074C84-3C26-4781-A867-944A90256AF6}"
EndProject
Project("{8BC9CEB8-8B4A-11D0-8D11-00A0C91BC942}") = "WS2 (DIY)", "..\..\WS2\DIY\WS2 (DIY).vcxproj", "{E8C847F3-8993-455B-9C68-BAB1F62D7A4F}"
EndProject
Project("{8BC9CEB8-8B4A-11D0-8D11-00A0C91BC942}") = "WS3 (Lab)", "..\..\WS3\Lab\WS3 (Lab).vcxproj", "{3640941A-B717-4D03-9091-5D51B115BF37}"
EndProject
Project("{8BC9CEB8-8B4A-11D0-8D11-00A0C91BC942}") = "WS3(DIY)", "..\..\WS3\DIY\WS3(DIY).vcxproj", "{5869943B-2D48-4C84-AA49-9858C513CC72}"
EndProject
Project("{8BC9CEB8-8B4A-11D0-8D11-00A0C91BC942}") = "WS4 (Lab)", "..\..\WS4\Lab\WS4 (Lab).vcxproj", "{78372AC1-54E7-4381-B834-F735FA0A7509}"
EndProject
Project("{8BC9CEB8-8B4A-11D0-8D11-00A0C91BC942}") = "WS4 (DIY)", "..\..\WS4\DIY\WS4 (DIY).vcxproj", "{73B4DA0A-4F09-4347-BC8A-92F202386C27}"
EndProject
Project("{8BC9CEB8-8B4A-11D0-8D11-00A0C91BC942}") = "WS5 (Lab)", "..\..\WS5\Lab\WS5 (Lab).vcxproj", "{DECFADCD-3874-46C7-87FB-A7916A4EBBC8}"
EndProject
Project("{8BC9CEB8-8B4A-11D0-8D11-00A0C91BC942}") = "WS5 (DIY)", "..\..\WS5\DIY\WS5 (DIY).vcxproj", "{10CE922A-BE87-4BAF-89F8-B9A39DA61B31}"
EndProject
Project("{8BC9CEB8-8B4A-11D0-8D11-00A0C91BC942}") = "WS6 (Lab)", "..\..\WS6\WS6 (Lab)\WS6 (Lab).vcxproj", "{D31744CC-CF37-4C5E-B267-FB0CEC11E552}"
EndProject
Project("{8BC9CEB8-8B4A-11D0-8D11-00A0C91BC942}") = "WS6 (DIY)", "..\..\WS6\WS6 (DIY)\WS6 (DIY).vcxproj", "{8D2E4B1D-11A3-4F66-B33B-7F8571F33E0B}"
EndProject
Project("{8BC9CEB8-8B4A-11D0-8D11-00A0C91BC942}") = "WS7", "..\..\WS7\WS7.vcxproj", "{BFF01A3E-1679-429D-BCC3-C87D95E46FF9}"
EndProject
Project("{8BC9CEB8-8B4A-11D0-8D11-00A0C91BC942}") = "WS8", "..\..\WS8\WS8.vcxproj", "{18C1B1B8-5030-45EE-BFF1-3B06181B9AB2}"
EndProject
Project("{8BC9CEB8-8B4A-11D0-8D11-00A0C91BC942}") = "WS9", "..\..\WS9\WS9.vcxproj", "{3BF33761-6050-467A-BCF2-E2C4310929CF}"
EndProject
Project("{8BC9CEB8-8B4A-11D0-8D11-00A0C91BC942}") = "WS10", "..\..\WS10\WS10.vcxproj", "{63824B71-D561-4750-949C-BF19F0E24831}"
EndProject
Global
	GlobalSection(SolutionConfigurationPlatforms) = preSolution
		Debug|x64 = Debug|x64
		Debug|x86 = Debug|x86
		Release|x64 = Release|x64
		Release|x86 = Release|x86
	EndGlobalSection
	GlobalSection(ProjectConfigurationPlatforms) = postSolution
		{5436FDA6-6B70-4597-9301-80522EB5DE65}.Debug|x64.ActiveCfg = Debug|x64
		{5436FDA6-6B70-4597-9301-80522EB5DE65}.Debug|x64.Build.0 = Debug|x64
		{5436FDA6-6B70-4597-9301-80522EB5DE65}.Debug|x86.ActiveCfg = Debug|Win32
		{5436FDA6-6B70-4597-9301-80522EB5DE65}.Debug|x86.Build.0 = Debug|Win32
		{5436FDA6-6B70-4597-9301-80522EB5DE65}.Release|x64.ActiveCfg = Release|x64
		{5436FDA6-6B70-4597-9301-80522EB5DE65}.Release|x64.Build.0 = Release|x64
		{5436FDA6-6B70-4597-9301-80522EB5DE65}.Release|x86.ActiveCfg = Release|Win32
		{5436FDA6-6B70-4597-9301-80522EB5DE65}.Release|x86.Build.0 = Release|Win32
		{426A826A-D6DE-4B59-BC6D-D6113F5D96ED}.Debug|x64.ActiveCfg = Debug|x64
		{426A826A-D6DE-4B59-BC6D-D6113F5D96ED}.Debug|x64.Build.0 = Debug|x64
		{426A826A-D6DE-4B59-BC6D-D6113F5D96ED}.Debug|x86.ActiveCfg = Debug|Win32
		{426A826A-D6DE-4B59-BC6D-D6113F5D96ED}.Debug|x86.Build.0 = Debug|Win32
		{426A826A-D6DE-4B59-BC6D-D6113F5D96ED}.Release|x64.ActiveCfg = Release|x64
		{426A826A-D6DE-4B59-BC6D-D6113F5D96ED}.Release|x64.Build.0 = Release|x64
		{426A826A-D6DE-4B59-BC6D-D6113F5D96ED}.Release|x86.ActiveCfg = Release|Win32
		{426A826A-D6DE-4B59-BC6D-D6113F5D96ED}.Release|x86.Build.0 = Release|Win32
		{11074C84-3C26-4781-A867-944A90256AF6}.Debug|x64.ActiveCfg = Debug|x64
		{11074C84-3C26-4781-A867-944A90256AF6}.Debug|x64.Build.0 = Debug|x64
		{11074C84-3C26-4781-A867-944A90256AF6}.Debug|x86.ActiveCfg = Debug|Win32
		{11074C84-3C26-4781-A867-944A90256AF6}.Debug|x86.Build.0 = Debug|Win32
		{11074C84-3C26-4781-A867-944A90256AF6}.Release|x64.ActiveCfg = Release|x64
		{11074C84-3C26-4781-A867-944A90256AF6}.Release|x64.Build.0 = Release|x64
		{11074C84-3C26-4781-A867-944A90256AF6}.Release|x86.ActiveCfg = Release|Win32
		{11074C84-3C26-4781-A867-944A90256AF6}.Release|x86.Build.0 = Release|Win32
		{E8C847F3-8993-455B-9C68-BAB1F62D7A4F}.Debug|x64.ActiveCfg = Debug|x64
		{E8C847F3-8993-455B-9C68-BAB1F62D7A4F}.Debug|x64.Build.0 = Debug|x64
		{E8C847F3-8993-455B-9C68-BAB1F62D7A4F}.Debug|x86.ActiveCfg = Debug|Win32
		{E8C847F3-8993-455B-9C68-BAB1F62D7A4F}.Debug|x86.Build.0 = Debug|Win32
		{E8C847F3-8993-455B-9C68-BAB1F62D7A4F}.Release|x64.ActiveCfg = Release|x64
		{E8C847F3-8993-455B-9C68-BAB1F62D7A4F}.Release|x64.Build.0 = Release|x64
		{E8C847F3-8993-455B-9C68-BAB1F62D7A4F}.Release|x86.ActiveCfg = Release|Win32
		{E8C847F3-8993-455B-9C68-BAB1F62D7A4F}.Release|x86.Build.0 = Release|Win32
		{3640941A-B717-4D03-9091-5D51B115BF37}.Debug|x64.ActiveCfg = Debug|x64
		{3640941A-B717-4D03-9091-5D51B115BF37}.Debug|x64.Build.0 = Debug|x64
		{3640941A-B717-4D03-9091-5D51B115BF37}.Debug|x86.ActiveCfg = Debug|Win32
		{3640941A-B717-4D03-9091-5D51B115BF37}.Debug|x86.Build.0 = Debug|Win32
		{3640941A-B717-4D03-9091-5D51B115BF37}.Release|x64.ActiveCfg = Release|x64
		{3640941A-B717-4D03-9091-5D51B115BF37}.Release|x64.Build.0 = Release|x64
		{3640941A-B717-4D03-9091-5D51B115BF37}.Release|x86.ActiveCfg = Release|Win32
		{3640941A-B717-4D03-9091-5D51B115BF37}.Release|x86.Build.0 = Release|Win32
		{5869943B-2D48-4C84-AA49-9858C513CC72}.Debug|x64.ActiveCfg = Debug|x64
		{5869943B-2D48-4C84-AA49-9858C513CC72}.Debug|x64.Build.0 = Debug|x64
		{5869943B-2D48-4C84-AA49-9858C513CC72}.Debug|x86.ActiveCfg = Debug|Win32
		{5869943B-2D48-4C84-AA49-9858C513CC72}.Debug|x86.Build.0 = Debug|Win32
		{5869943B-2D48-4C84-AA49-9858C513CC72}.Release|x64.ActiveCfg = Release|x64
		{5869943B-2D48-4C84-AA49-9858C513CC72}.Release|x64.Build.0 = Release|x64
		{5869943B-2D48-4C84-AA49-9858C513CC72}.Release|x86.ActiveCfg = Release|Win32
		{5869943B-2D48-4C84-AA49-9858C513CC72}.Release|x86.Build.0 = Release|Win32
		{78372AC1-54E7-4381-B834-F735FA0A7509}.Debug|x64.ActiveCfg = Debug|x64
		{78372AC1-54E7-4381-B834-F735FA0A7509}.Debug|x64.Build.0 = Debug|x64
		{78372AC1-54E7-4381-B834-F735FA0A7509}.Debug|x86.ActiveCfg = Debug|Win32
		{78372AC1-54E7-4381-B834-F735FA0A7509}.Debug|x86.Build.0 = Debug|Win32
		{78372AC1-54E7-4381-B834-F735FA0A7509}.Release|x64.ActiveCfg = Release|x64
		{78372AC1-54E7-4381-B834-F735FA0A7509}.Release|x64.Build.0 = Release|x64
		{78372AC1-54E7-4381-B834-F735FA0A7509}.Release|x86.ActiveCfg = Release|Win32
		{78372AC1-54E7-4381-B834-F735FA0A7509}.Release|x86.Build.0 = Release|Win32
		{73B4DA0A-4F09-4347-BC8A-92F202386C27}.Debug|x64.ActiveCfg = Debug|x64
		{73B4DA0A-4F09-4347-BC8A-92F202386C27}.Debug|x64.Build.0 = Debug|x64
		{73B4DA0A-4F09-4347-BC8A-92F202386C27}.Debug|x86.ActiveCfg = Debug|Win32
		{73B4DA0A-4F09-4347-BC8A-92F202386C27}.Debug|x86.Build.0 = Debug|Win32
		{73B4DA0A-4F09-4347-BC8A-92F202386C27}.Release|x64.ActiveCfg = Release|x64
		{73B4DA0A-4F09-4347-BC8A-92F202386C27}.Release|x64.Build.0 = Release|x64
		{73B4DA0A-4F09-4347-BC8A-92F202386C27}.Release|x86.ActiveCfg = Release|Win32
		{73B4DA0A-4F09-4347-BC8A-92F202386C27}.Release|x86.Build.0 = Release|Win32
		{DECFADCD-3874-46C7-87FB-A7916A4EBBC8}.Debug|x64.ActiveCfg = Debug|x64
		{DECFADCD-3874-46C7-87FB-A7916A4EBBC8}.Debug|x64.Build.0 = Debug|x64
		{DECFADCD-3874-46C7-87FB-A7916A4EBBC8}.Debug|x86.ActiveCfg = Debug|Win32
		{DECFADCD-3874-46C7-87FB-A7916A4EBBC8}.Debug|x86.Build.0 = Debug|Win32
		{DECFADCD-3874-46C7-87FB-A7916A4EBBC8}.Release|x64.ActiveCfg = Release|x64
		{DECFADCD-3874-46C7-87FB-A7916A4EBBC8}.Release|x64.Build.0 = Release|x64
		{DECFADCD-3874-46C7-87FB-A7916A4EBBC8}.Release|x86.ActiveCfg = Release|Win32
		{DECFADCD-3874-46C7-87FB-A7916A4EBBC8}.Release|x86.Build.0 = Release|Win32
		{10CE922A-BE87-4BAF-89F8-B9A39DA61B31}.Debug|x64.ActiveCfg = Debug|x64
		{10CE922A-BE87-4BAF-89F8-B9A39DA61B31}.Debug|x64.Build.0 = Debug|x64
		{10CE922A-BE87-4BAF-89F8-B9A39DA61B31}.Debug|x86.ActiveCfg = Debug|Win32
		{10CE922A-BE87-4BAF-89F8-B9A39DA61B31}.Debug|x86.Build.0 = Debug|Win32
		{10CE922A-BE87-4BAF-89F8-B9A39DA61B31}.Release|x64.ActiveCfg = Release|x64
		{10CE922A-BE87-4BAF-89F8-B9A39DA61B31}.Release|x64.Build.0 = Release|x64
		{10CE922A-BE87-4BAF-89F8-B9A39DA61B31}.Release|x86.ActiveCfg = Release|Win32
		{10CE922A-BE87-4BAF-89F8-B9A39DA61B31}.Release|x86.Build.0 = Release|Win32
		{D31744CC-CF37-4C5E-B267-FB0CEC11E552}.Debug|x64.ActiveCfg = Debug|x64
		{D31744CC-CF37-4C5E-B267-FB0CEC11E552}.Debug|x64.Build.0 = Debug|x64
		{D31744CC-CF37-4C5E-B267-FB0CEC11E552}.Debug|x86.ActiveCfg = Debug|Win32
		{D31744CC-CF37-4C5E-B267-FB0CEC11E552}.Debug|x86.Build.0 = Debug|Win32
		{D31744CC-CF37-4C5E-B267-FB0CEC11E552}.Release|x64.ActiveCfg = Release|x64
		{D31744CC-CF37-4C5E-B267-FB0CEC11E552}.Release|x64.Build.0 = Release|x64
		{D31744CC-CF37-4C5E-B267-FB0CEC11E552}.Release|x86.ActiveCfg = Release|Win32
		{D31744CC-CF37-4C5E-B267-FB0CEC11E552}.Release|x86.Build.0 = Release|Win32
		{8D2E4B1D-11A3-4F66-B33B-7F8571F33E0B}.Debug|x64.ActiveCfg = Debug|x64
		{8D2E4B1D-11A3-4F66-B33B-7F8571F33E0B}.Debug|x64.Build.0 = Debug|x64
		{8D2E4B1D-11A3-4F66-B33B-7F8571F33E0B}.Debug|x86.ActiveCfg = Debug|Win32
		{8D2E4B1D-11A3-4F66-B33B-7F8571F33E0B}.Debug|x86.Build.0 = Debug|Win32
		{8D2E4B1D-11A3-4F66-B33B-7F8571F33E0B}.Release|x64.ActiveCfg = Release|x64
		{8D2E4B1D-11A3-4F66-B33B-7F8571F33E0B}.Release|x64.Build.0 = Release|x64
		{8D2E4B1D-11A3-4F66-B33B-7F8571F33E0B}.Release|x86.ActiveCfg = Release|Win32
		{8D2E4B1D-11A3-4F66-B33B-7F8571F33E0B}.Release|x86.Build.0 = Release|Win32
		{BFF01A3E-1679-429D-BCC3-C87D95E46FF9}.Debug|x64.ActiveCfg = Debug|x64
		{BFF01A3E-1679-429D-BCC3-C87D95E46FF9}.Debug|x64.Build.0 = Debug|x64
		{BFF01A3E-1679-429D-BCC3-C87D95E46FF9}.Debug|x86.ActiveCfg = Debug|Win32
		{BFF01A3E-1679-429D-BCC3-C87D95E46FF9}.Debug|x86.Build.0 = Debug|Win32
		{BFF01A3E-1679-429D-BCC3-C87D95E46FF9}.Release|x64.ActiveCfg = Release|x64
		{BFF01A3E-1679-429D-BCC3-C87D95E46FF9}.Release|x64.Build.0 = Release|x64
		{BFF01A3E-1679-429D-BCC3-C87D95E46FF9}.Release|x86.ActiveCfg = Release|Win32
		{BFF01A3E-1679-429D-BCC3-C87D95E46FF9}.Release|x86.Build.0 = Release|Win32
		{18C1B1B8-5030-45EE-BFF1-3B06181B9AB2}.Debug|x64.ActiveCfg = Debug|x64
		{18C1B1B8-5030-45EE-BFF1-3B06181B9AB2}.Debug|x64.Build.0 = Debug|x64
		{18C1B1B8-5030-45EE-BFF1-3B06181B9AB2}.Debug|x86.ActiveCfg = Debug|Win32
		{18C1B1B8-5030-45EE-BFF1-3B06181B9AB2}.Debug|x86.Build.0 = Debug|Win32
		{18C1B1B8-5030-45EE-BFF1-3B06181B9AB2}.Release|x64.ActiveCfg = Release|x64
		{18C1B1B8-5030-45EE-BFF1-3B06181B9AB2}.Release|x64.Build.0 = Release|x64
		{18C1B1B8-5030-45EE-BFF1-3B06181B9AB2}.Release|x86.ActiveCfg = Release|Win32
		{18C1B1B8-5030-45EE-BFF1-3B06181B9AB2}.Release|x86.Build.0 = Release|Win32
		{3BF33761-6050-467A-BCF2-E2C4310929CF}.Debug|x64.ActiveCfg = Debug|x64
		{3BF33761-6050-467A-BCF2-E2C4310929CF}.Debug|x64.Build.0 = Debug|x64
		{3BF33761-6050-467A-BCF2-E2C4310929CF}.Debug|x86.ActiveCfg = Debug|Win32
		{3BF33761-6050-467A-BCF2-E2C4310929CF}.Debug|x86.Build.0 = Debug|Win32
		{3BF33761-6050-467A-BCF2-E2C4310929CF}.Release|x64.ActiveCfg = Release|x64
		{3BF33761-6050-467A-BCF2-E2C4310929CF}.Release|x64.Build.0 = Release|x64
		{3BF33761-6050-467A-BCF2-E2C4310929CF}.Release|x86.ActiveCfg = Release|Win32
		{3BF33761-6050-467A-BCF2-E2C4310929CF}.Release|x86.Build.0 = Release|Win32
		{63824B71-D561-4750-949C-BF19F0E24831}.Debug|x64.ActiveCfg = Debug|x64
		{63824B71-D561-4750-949C-BF19F0E24831}.Debug|x64.Build.0 = Debug|x64
		{63824B71-D561-4750-949C-BF19F0E24831}.Debug|x86.ActiveCfg = Debug|Win32
		{63824B71-D561-4750-949C-BF19F0E24831}.Debug|x86.Build.0 = Debug|Win32
		{63824B71-D561-4750-949C-BF19F0E24831}.Release|x64.ActiveCfg = Release|x64
		{63824B71-D561-4750-949C-BF19F0E24831}.Release|x64.Build.0 = Release|x64
		{63824B71-D561-4750-949C-BF19F0E24831}.Release|x86.ActiveCfg = Release|Win32
		{63824B71-D561-4750-949C-BF19F0E24831}.Release|x86.Build.0 = Release|Win32
	EndGlobalSection
	GlobalSection(SolutionProperties) = preSolution
		HideSolutionNode = FALSE
	EndGlobalSection
	GlobalSection(ExtensibilityGlobals) = postSolution
		SolutionGuid = {C420C271-9512-4D9E-9365-5DFB3A33A2FF}
	EndGlobalSection
EndGlobal
